
Microsoft Visual Studio Solution File, Format Version 12.00
# Visual Studio 15
VisualStudioVersion = 15.0.28307.168
MinimumVisualStudioVersion = 10.0.40219.1
Project("{FAE04EC0-301F-11D3-BF4B-00C04F79EFBC}") = "PlayingWithSwagger", "PlayingWithSwagger\PlayingWithSwagger.csproj", "{E32C7667-41B2-4B00-BE3E-4BF2AD3207A3}"
EndProject
Project("{2150E333-8FDC-42A3-9474-1A3956D46DE8}") = "Solution Items", "Solution Items", "{BEBD10D7-19F9-4DB6-97D0-7B7911E4DC78}"
	ProjectSection(SolutionItems) = preProject
		README.md = README.md
	EndProjectSection
EndProject
Global
	GlobalSection(SolutionConfigurationPlatforms) = preSolution
		Debug|Any CPU = Debug|Any CPU
		Release|Any CPU = Release|Any CPU
	EndGlobalSection
	GlobalSection(ProjectConfigurationPlatforms) = postSolution
		{E32C7667-41B2-4B00-BE3E-4BF2AD3207A3}.Debug|Any CPU.ActiveCfg = Debug|Any CPU
		{E32C7667-41B2-4B00-BE3E-4BF2AD3207A3}.Debug|Any CPU.Build.0 = Debug|Any CPU
		{E32C7667-41B2-4B00-BE3E-4BF2AD3207A3}.Release|Any CPU.ActiveCfg = Release|Any CPU
		{E32C7667-41B2-4B00-BE3E-4BF2AD3207A3}.Release|Any CPU.Build.0 = Release|Any CPU
	EndGlobalSection
	GlobalSection(SolutionProperties) = preSolution
		HideSolutionNode = FALSE
	EndGlobalSection
	GlobalSection(ExtensibilityGlobals) = postSolution
		SolutionGuid = {A1621E6E-23AC-45E3-B889-F7D206EDA7C2}
	EndGlobalSection
EndGlobal
